// !$*UTF8*$!
{
	archiveVersion = 1;
	classes = {
	};
	objectVersion = 77;
	objects = {

/* Begin PBXContainerItemProxy section */
		34C00DEA2EFF1B4500DBBFCE /* PBXContainerItemProxy */ = {
			isa = PBXContainerItemProxy;
			containerPortal = 34C00DD02EFF1B4400DBBFCE /* Project object */;
			proxyType = 1;
			remoteGlobalIDString = 34C00DD72EFF1B4400DBBFCE;
			remoteInfo = "Tracker II";
		};
		34C00DF42EFF1B4500DBBFCE /* PBXContainerItemProxy */ = {
			isa = PBXContainerItemProxy;
			containerPortal = 34C00DD02EFF1B4400DBBFCE /* Project object */;
			proxyType = 1;
			remoteGlobalIDString = 34C00DD72EFF1B4400DBBFCE;
			remoteInfo = "Tracker II";
		};
/* End PBXContainerItemProxy section */

/* Begin PBXFileReference section */
		34C00DD82EFF1B4400DBBFCE /* Tracker II.app */ = {isa = PBXFileReference; explicitFileType = wrapper.application; includeInIndex = 0; path = "Tracker II.app"; sourceTree = BUILT_PRODUCTS_DIR; };
		34C00DE92EFF1B4500DBBFCE /* Tracker IITests.xctest */ = {isa = PBXFileReference; explicitFileType = wrapper.cfbundle; includeInIndex = 0; path = "Tracker IITests.xctest"; sourceTree = BUILT_PRODUCTS_DIR; };
		34C00DF32EFF1B4500DBBFCE /* Tracker IIUITests.xctest */ = {isa = PBXFileReference; explicitFileType = wrapper.cfbundle; includeInIndex = 0; path = "Tracker IIUITests.xctest"; sourceTree = BUILT_PRODUCTS_DIR; };
/* End PBXFileReference section */

/* Begin PBXFileSystemSynchronizedBuildFileExceptionSet section */
		34C00DFB2EFF1B4500DBBFCE /* Exceptions for "Tracker II" folder in "Tracker II" target */ = {
			isa = PBXFileSystemSynchronizedBuildFileExceptionSet;
			membershipExceptions = (
				Info.plist,
			);
			target = 34C00DD72EFF1B4400DBBFCE /* Tracker II */;
		};
/* End PBXFileSystemSynchronizedBuildFileExceptionSet section */

/* Begin PBXFileSystemSynchronizedRootGroup section */
		34C00DDA2EFF1B4400DBBFCE /* Tracker II */ = {
			isa = PBXFileSystemSynchronizedRootGroup;
			exceptions = (
				34C00DFB2EFF1B4500DBBFCE /* Exceptions for "Tracker II" folder in "Tracker II" target */,
			);
			path = "Tracker II";
			sourceTree = "<group>";
		};
		34C00DEC2EFF1B4500DBBFCE /* Tracker IITests */ = {
			isa = PBXFileSystemSynchronizedRootGroup;
			path = "Tracker IITests";
			sourceTree = "<group>";
		};
		34C00DF62EFF1B4500DBBFCE /* Tracker IIUITests */ = {
			isa = PBXFileSystemSynchronizedRootGroup;
			path = "Tracker IIUITests";
			sourceTree = "<group>";
		};
/* End PBXFileSystemSynchronizedRootGroup section */

/* Begin PBXFrameworksBuildPhase section */
		34C00DD52EFF1B4400DBBFCE /* Frameworks */ = {
			isa = PBXFrameworksBuildPhase;
			buildActionMask = 2147483647;
			files = (
			);
			runOnlyForDeploymentPostprocessing = 0;
		};
		34C00DE62EFF1B4500DBBFCE /* Frameworks */ = {
			isa = PBXFrameworksBuildPhase;
			buildActionMask = 2147483647;
			files = (
			);
			runOnlyForDeploymentPostprocessing = 0;
		};
		34C00DF02EFF1B4500DBBFCE /* Frameworks */ = {
			isa = PBXFrameworksBuildPhase;
			buildActionMask = 2147483647;
			files = (
			);
			runOnlyForDeploymentPostprocessing = 0;
		};
/* End PBXFrameworksBuildPhase section */

/* Begin PBXGroup section */
		34C00DCF2EFF1B4400DBBFCE = {
			isa = PBXGroup;
			children = (
				34C00DDA2EFF1B4400DBBFCE /* Tracker II */,
				34C00DEC2EFF1B4500DBBFCE /* Tracker IITests */,
				34C00DF62EFF1B4500DBBFCE /* Tracker IIUITests */,
				34C00DD92EFF1B4400DBBFCE /* Products */,
			);
			sourceTree = "<group>";
		};
		34C00DD92EFF1B4400DBBFCE /* Products */ = {
			isa = PBXGroup;
			children = (
				34C00DD82EFF1B4400DBBFCE /* Tracker II.app */,
				34C00DE92EFF1B4500DBBFCE /* Tracker IITests.xctest */,
				34C00DF32EFF1B4500DBBFCE /* Tracker IIUITests.xctest */,
			);
			name = Products;
			sourceTree = "<group>";
		};
/* End PBXGroup section */

/* Begin PBXNativeTarget section */
		34C00DD72EFF1B4400DBBFCE /* Tracker II */ = {
			isa = PBXNativeTarget;
			buildConfigurationList = 34C00DFC2EFF1B4500DBBFCE /* Build configuration list for PBXNativeTarget "Tracker II" */;
			buildPhases = (
				34C00DD42EFF1B4400DBBFCE /* Sources */,
				34C00DD52EFF1B4400DBBFCE /* Frameworks */,
				34C00DD62EFF1B4400DBBFCE /* Resources */,
			);
			buildRules = (
			);
			dependencies = (
			);
			fileSystemSynchronizedGroups = (
				34C00DDA2EFF1B4400DBBFCE /* Tracker II */,
			);
			name = "Tracker II";
			packageProductDependencies = (
			);
			productName = "Tracker II";
			productReference = 34C00DD82EFF1B4400DBBFCE /* Tracker II.app */;
			productType = "com.apple.product-type.application";
		};
		34C00DE82EFF1B4500DBBFCE /* Tracker IITests */ = {
			isa = PBXNativeTarget;
			buildConfigurationList = 34C00E012EFF1B4500DBBFCE /* Build configuration list for PBXNativeTarget "Tracker IITests" */;
			buildPhases = (
				34C00DE52EFF1B4500DBBFCE /* Sources */,
				34C00DE62EFF1B4500DBBFCE /* Frameworks */,
				34C00DE72EFF1B4500DBBFCE /* Resources */,
			);
			buildRules = (
			);
			dependencies = (
				34C00DEB2EFF1B4500DBBFCE /* PBXTargetDependency */,
			);
			fileSystemSynchronizedGroups = (
				34C00DEC2EFF1B4500DBBFCE /* Tracker IITests */,
			);
			name = "Tracker IITests";
			packageProductDependencies = (
			);
			productName = "Tracker IITests";
			productReference = 34C00DE92EFF1B4500DBBFCE /* Tracker IITests.xctest */;
			productType = "com.apple.product-type.bundle.unit-test";
		};
		34C00DF22EFF1B4500DBBFCE /* Tracker IIUITests */ = {
			isa = PBXNativeTarget;
			buildConfigurationList = 34C00E042EFF1B4500DBBFCE /* Build configuration list for PBXNativeTarget "Tracker IIUITests" */;
			buildPhases = (
				34C00DEF2EFF1B4500DBBFCE /* Sources */,
				34C00DF02EFF1B4500DBBFCE /* Frameworks */,
				34C00DF12EFF1B4500DBBFCE /* Resources */,
			);
			buildRules = (
			);
			dependencies = (
				34C00DF52EFF1B4500DBBFCE /* PBXTargetDependency */,
			);
			fileSystemSynchronizedGroups = (
				34C00DF62EFF1B4500DBBFCE /* Tracker IIUITests */,
			);
			name = "Tracker IIUITests";
			packageProductDependencies = (
			);
			productName = "Tracker IIUITests";
			productReference = 34C00DF32EFF1B4500DBBFCE /* Tracker IIUITests.xctest */;
			productType = "com.apple.product-type.bundle.ui-testing";
		};
/* End PBXNativeTarget section */

/* Begin PBXProject section */
		34C00DD02EFF1B4400DBBFCE /* Project object */ = {
			isa = PBXProject;
			attributes = {
				BuildIndependentTargetsInParallel = 1;
				LastSwiftUpdateCheck = 2620;
				LastUpgradeCheck = 2620;
				TargetAttributes = {
					34C00DD72EFF1B4400DBBFCE = {
						CreatedOnToolsVersion = 26.2;
					};
					34C00DE82EFF1B4500DBBFCE = {
						CreatedOnToolsVersion = 26.2;
						TestTargetID = 34C00DD72EFF1B4400DBBFCE;
					};
					34C00DF22EFF1B4500DBBFCE = {
						CreatedOnToolsVersion = 26.2;
						TestTargetID = 34C00DD72EFF1B4400DBBFCE;
					};
				};
			};
			buildConfigurationList = 34C00DD32EFF1B4400DBBFCE /* Build configuration list for PBXProject "Tracker II" */;
			developmentRegion = en;
			hasScannedForEncodings = 0;
			knownRegions = (
				en,
				Base,
			);
			mainGroup = 34C00DCF2EFF1B4400DBBFCE;
			minimizedProjectReferenceProxies = 1;
			preferredProjectObjectVersion = 77;
			productRefGroup = 34C00DD92EFF1B4400DBBFCE /* Products */;
			projectDirPath = "";
			projectRoot = "";
			targets = (
				34C00DD72EFF1B4400DBBFCE /* Tracker II */,
				34C00DE82EFF1B4500DBBFCE /* Tracker IITests */,
				34C00DF22EFF1B4500DBBFCE /* Tracker IIUITests */,
			);
		};
/* End PBXProject section */

/* Begin PBXResourcesBuildPhase section */
		34C00DD62EFF1B4400DBBFCE /* Resources */ = {
			isa = PBXResourcesBuildPhase;
			buildActionMask = 2147483647;
			files = (
			);
			runOnlyForDeploymentPostprocessing = 0;
		};
		34C00DE72EFF1B4500DBBFCE /* Resources */ = {
			isa = PBXResourcesBuildPhase;
			buildActionMask = 2147483647;
			files = (
			);
			runOnlyForDeploymentPostprocessing = 0;
		};
		34C00DF12EFF1B4500DBBFCE /* Resources */ = {
			isa = PBXResourcesBuildPhase;
			buildActionMask = 2147483647;
			files = (
			);
			runOnlyForDeploymentPostprocessing = 0;
		};
/* End PBXResourcesBuildPhase section */

/* Begin PBXSourcesBuildPhase section */
		34C00DD42EFF1B4400DBBFCE /* Sources */ = {
			isa = PBXSourcesBuildPhase;
			buildActionMask = 2147483647;
			files = (
			);
			runOnlyForDeploymentPostprocessing = 0;
		};
		34C00DE52EFF1B4500DBBFCE /* Sources */ = {
			isa = PBXSourcesBuildPhase;
			buildActionMask = 2147483647;
			files = (
			);
			runOnlyForDeploymentPostprocessing = 0;
		};
		34C00DEF2EFF1B4500DBBFCE /* Sources */ = {
			isa = PBXSourcesBuildPhase;
			buildActionMask = 2147483647;
			files = (
			);
			runOnlyForDeploymentPostprocessing = 0;
		};
/* End PBXSourcesBuildPhase section */

/* Begin PBXTargetDependency section */
		34C00DEB2EFF1B4500DBBFCE /* PBXTargetDependency */ = {
			isa = PBXTargetDependency;
			target = 34C00DD72EFF1B4400DBBFCE /* Tracker II */;
			targetProxy = 34C00DEA2EFF1B4500DBBFCE /* PBXContainerItemProxy */;
		};
		34C00DF52EFF1B4500DBBFCE /* PBXTargetDependency */ = {
			isa = PBXTargetDependency;
			target = 34C00DD72EFF1B4400DBBFCE /* Tracker II */;
			targetProxy = 34C00DF42EFF1B4500DBBFCE /* PBXContainerItemProxy */;
		};
/* End PBXTargetDependency section */

/* Begin XCBuildConfiguration section */
		34C00DFD2EFF1B4500DBBFCE /* Debug */ = {
			isa = XCBuildConfiguration;
			buildSettings = {
				ASSETCATALOG_COMPILER_APPICON_NAME = AppIcon;
				ASSETCATALOG_COMPILER_GLOBAL_ACCENT_COLOR_NAME = AccentColor;
				CODE_SIGN_ENTITLEMENTS = "Tracker II/Tracker_II.entitlements";
				CODE_SIGN_STYLE = Automatic;
				CURRENT_PROJECT_VERSION = 1;
				DEVELOPMENT_TEAM = J33VQVC494;
				ENABLE_PREVIEWS = YES;
				GENERATE_INFOPLIST_FILE = YES;
				INFOPLIST_FILE = "Tracker II/Info.plist";
				INFOPLIST_KEY_NSHealthShareUsageDescription = "Workout data is parsed and displayed";
				INFOPLIST_KEY_UIApplicationSceneManifest_Generation = YES;
				INFOPLIST_KEY_UIApplicationSupportsIndirectInputEvents = YES;
				INFOPLIST_KEY_UILaunchScreen_Generation = YES;
				INFOPLIST_KEY_UISupportedInterfaceOrientations_iPad = "UIInterfaceOrientationPortrait UIInterfaceOrientationPortraitUpsideDown UIInterfaceOrientationLandscapeLeft UIInterfaceOrientationLandscapeRight";
				INFOPLIST_KEY_UISupportedInterfaceOrientations_iPhone = "UIInterfaceOrientationPortrait UIInterfaceOrientationLandscapeLeft UIInterfaceOrientationLandscapeRight";
				LD_RUNPATH_SEARCH_PATHS = (
					"$(inherited)",
					"@executable_path/Frameworks",
				);
				MARKETING_VERSION = 1.0;
				PRODUCT_BUNDLE_IDENTIFIER = "net.firepear.Tracker-II";
				PRODUCT_NAME = "$(TARGET_NAME)";
				STRING_CATALOG_GENERATE_SYMBOLS = YES;
				SWIFT_APPROACHABLE_CONCURRENCY = YES;
				SWIFT_DEFAULT_ACTOR_ISOLATION = MainActor;
				SWIFT_EMIT_LOC_STRINGS = YES;
				SWIFT_UPCOMING_FEATURE_MEMBER_IMPORT_VISIBILITY = YES;
				SWIFT_VERSION = 5.0;
				TARGETED_DEVICE_FAMILY = "1,2";
			};
			name = Debug;
		};
		34C00DFE2EFF1B4500DBBFCE /* Release */ = {
			isa = XCBuildConfiguration;
			buildSettings = {
				ASSETCATALOG_COMPILER_APPICON_NAME = AppIcon;
				ASSETCATALOG_COMPILER_GLOBAL_ACCENT_COLOR_NAME = AccentColor;
				CODE_SIGN_ENTITLEMENTS = "Tracker II/Tracker_II.entitlements";
				CODE_SIGN_STYLE = Automatic;
				CURRENT_PROJECT_VERSION = 1;
				DEVELOPMENT_TEAM = J33VQVC494;
				ENABLE_PREVIEWS = YES;
				GENERATE_INFOPLIST_FILE = YES;
				INFOPLIST_FILE = "Tracker II/Info.plist";
				INFOPLIST_KEY_NSHealthShareUsageDescription = "Workout data is parsed and displayed";
				INFOPLIST_KEY_UIApplicationSceneManifest_Generation = YES;
				INFOPLIST_KEY_UIApplicationSupportsIndirectInputEvents = YES;
				INFOPLIST_KEY_UILaunchScreen_Generation = YES;
				INFOPLIST_KEY_UISupportedInterfaceOrientations_iPad = "UIInterfaceOrientationPortrait UIInterfaceOrientationPortraitUpsideDown UIInterfaceOrientationLandscapeLeft UIInterfaceOrientationLandscapeRight";
				INFOPLIST_KEY_UISupportedInterfaceOrientations_iPhone = "UIInterfaceOrientationPortrait UIInterfaceOrientationLandscapeLeft UIInterfaceOrientationLandscapeRight";
				LD_RUNPATH_SEARCH_PATHS = (
					"$(inherited)",
					"@executable_path/Frameworks",
				);
				MARKETING_VERSION = 1.0;
				PRODUCT_BUNDLE_IDENTIFIER = "net.firepear.Tracker-II";
				PRODUCT_NAME = "$(TARGET_NAME)";
				STRING_CATALOG_GENERATE_SYMBOLS = YES;
				SWIFT_APPROACHABLE_CONCURRENCY = YES;
				SWIFT_DEFAULT_ACTOR_ISOLATION = MainActor;
				SWIFT_EMIT_LOC_STRINGS = YES;
				SWIFT_UPCOMING_FEATURE_MEMBER_IMPORT_VISIBILITY = YES;
				SWIFT_VERSION = 5.0;
				TARGETED_DEVICE_FAMILY = "1,2";
			};
			name = Release;
		};
		34C00DFF2EFF1B4500DBBFCE /* Debug */ = {
			isa = XCBuildConfiguration;
			buildSettings = {
				ALWAYS_SEARCH_USER_PATHS = NO;
				ASSETCATALOG_COMPILER_GENERATE_SWIFT_ASSET_SYMBOL_EXTENSIONS = YES;
				CLANG_ANALYZER_NONNULL = YES;
				CLANG_ANALYZER_NUMBER_OBJECT_CONVERSION = YES_AGGRESSIVE;
				CLANG_CXX_LANGUAGE_STANDARD = "gnu++20";
				CLANG_ENABLE_MODULES = YES;
				CLANG_ENABLE_OBJC_ARC = YES;
				CLANG_ENABLE_OBJC_WEAK = YES;
				CLANG_WARN_BLOCK_CAPTURE_AUTORELEASING = YES;
				CLANG_WARN_BOOL_CONVERSION = YES;
				CLANG_WARN_COMMA = YES;
				CLANG_WARN_CONSTANT_CONVERSION = YES;
				CLANG_WARN_DEPRECATED_OBJC_IMPLEMENTATIONS = YES;
				CLANG_WARN_DIRECT_OBJC_ISA_USAGE = YES_ERROR;
				CLANG_WARN_DOCUMENTATION_COMMENTS = YES;
				CLANG_WARN_EMPTY_BODY = YES;
				CLANG_WARN_ENUM_CONVERSION = YES;
				CLANG_WARN_INFINITE_RECURSION = YES;
				CLANG_WARN_INT_CONVERSION = YES;
				CLANG_WARN_NON_LITERAL_NULL_CONVERSION = YES;
				CLANG_WARN_OBJC_IMPLICIT_RETAIN_SELF = YES;
				CLANG_WARN_OBJC_LITERAL_CONVERSION = YES;
				CLANG_WARN_OBJC_ROOT_CLASS = YES_ERROR;
				CLANG_WARN_QUOTED_INCLUDE_IN_FRAMEWORK_HEADER = YES;
				CLANG_WARN_RANGE_LOOP_ANALYSIS = YES;
				CLANG_WARN_STRICT_PROTOTYPES = YES;
				CLANG_WARN_SUSPICIOUS_MOVE = YES;
				CLANG_WARN_UNGUARDED_AVAILABILITY = YES_AGGRESSIVE;
				CLANG_WARN_UNREACHABLE_CODE = YES;
				CLANG_WARN__DUPLICATE_METHOD_MATCH = YES;
				COPY_PHASE_STRIP = NO;
				DEBUG_INFORMATION_FORMAT = dwarf;
				DEVELOPMENT_TEAM = J33VQVC494;
				ENABLE_STRICT_OBJC_MSGSEND = YES;
				ENABLE_TESTABILITY = YES;
				ENABLE_USER_SCRIPT_SANDBOXING = YES;
				GCC_C_LANGUAGE_STANDARD = gnu17;
				GCC_DYNAMIC_NO_PIC = NO;
				GCC_NO_COMMON_BLOCKS = YES;
				GCC_OPTIMIZATION_LEVEL = 0;
				GCC_PREPROCESSOR_DEFINITIONS = (
					"DEBUG=1",
					"$(inherited)",
				);
				GCC_WARN_64_TO_32_BIT_CONVERSION = YES;
				GCC_WARN_ABOUT_RETURN_TYPE = YES_ERROR;
				GCC_WARN_UNDECLARED_SELECTOR = YES;
				GCC_WARN_UNINITIALIZED_AUTOS = YES_AGGRESSIVE;
				GCC_WARN_UNUSED_FUNCTION = YES;
				GCC_WARN_UNUSED_VARIABLE = YES;
				IPHONEOS_DEPLOYMENT_TARGET = 26.2;
				LOCALIZATION_PREFERS_STRING_CATALOGS = YES;
				MTL_ENABLE_DEBUG_INFO = INCLUDE_SOURCE;
				MTL_FAST_MATH = YES;
				ONLY_ACTIVE_ARCH = YES;
				SDKROOT = iphoneos;
				SWIFT_ACTIVE_COMPILATION_CONDITIONS = "DEBUG $(inherited)";
				SWIFT_OPTIMIZATION_LEVEL = "-Onone";
			};
			name = Debug;
		};
		34C00E002EFF1B4500DBBFCE /* Release */ = {
			isa = XCBuildConfiguration;
			buildSettings = {
				ALWAYS_SEARCH_USER_PATHS = NO;
				ASSETCATALOG_COMPILER_GENERATE_SWIFT_ASSET_SYMBOL_EXTENSIONS = YES;
				CLANG_ANALYZER_NONNULL = YES;
				CLANG_ANALYZER_NUMBER_OBJECT_CONVERSION = YES_AGGRESSIVE;
				CLANG_CXX_LANGUAGE_STANDARD = "gnu++20";
				CLANG_ENABLE_MODULES = YES;
				CLANG_ENABLE_OBJC_ARC = YES;
				CLANG_ENABLE_OBJC_WEAK = YES;
				CLANG_WARN_BLOCK_CAPTURE_AUTORELEASING = YES;
				CLANG_WARN_BOOL_CONVERSION = YES;
				CLANG_WARN_COMMA = YES;
				CLANG_WARN_CONSTANT_CONVERSION = YES;
				CLANG_WARN_DEPRECATED_OBJC_IMPLEMENTATIONS = YES;
				CLANG_WARN_DIRECT_OBJC_ISA_USAGE = YES_ERROR;
				CLANG_WARN_DOCUMENTATION_COMMENTS = YES;
				CLANG_WARN_EMPTY_BODY = YES;
				CLANG_WARN_ENUM_CONVERSION = YES;
				CLANG_WARN_INFINITE_RECURSION = YES;
				CLANG_WARN_INT_CONVERSION = YES;
				CLANG_WARN_NON_LITERAL_NULL_CONVERSION = YES;
				CLANG_WARN_OBJC_IMPLICIT_RETAIN_SELF = YES;
				CLANG_WARN_OBJC_LITERAL_CONVERSION = YES;
				CLANG_WARN_OBJC_ROOT_CLASS = YES_ERROR;
				CLANG_WARN_QUOTED_INCLUDE_IN_FRAMEWORK_HEADER = YES;
				CLANG_WARN_RANGE_LOOP_ANALYSIS = YES;
				CLANG_WARN_STRICT_PROTOTYPES = YES;
				CLANG_WARN_SUSPICIOUS_MOVE = YES;
				CLANG_WARN_UNGUARDED_AVAILABILITY = YES_AGGRESSIVE;
				CLANG_WARN_UNREACHABLE_CODE = YES;
				CLANG_WARN__DUPLICATE_METHOD_MATCH = YES;
				COPY_PHASE_STRIP = NO;
				DEBUG_INFORMATION_FORMAT = "dwarf-with-dsym";
				DEVELOPMENT_TEAM = J33VQVC494;
				ENABLE_NS_ASSERTIONS = NO;
				ENABLE_STRICT_OBJC_MSGSEND = YES;
				ENABLE_USER_SCRIPT_SANDBOXING = YES;
				GCC_C_LANGUAGE_STANDARD = gnu17;
				GCC_NO_COMMON_BLOCKS = YES;
				GCC_WARN_64_TO_32_BIT_CONVERSION = YES;
				GCC_WARN_ABOUT_RETURN_TYPE = YES_ERROR;
				GCC_WARN_UNDECLARED_SELECTOR = YES;
				GCC_WARN_UNINITIALIZED_AUTOS = YES_AGGRESSIVE;
				GCC_WARN_UNUSED_FUNCTION = YES;
				GCC_WARN_UNUSED_VARIABLE = YES;
				IPHONEOS_DEPLOYMENT_TARGET = 26.2;
				LOCALIZATION_PREFERS_STRING_CATALOGS = YES;
				MTL_ENABLE_DEBUG_INFO = NO;
				MTL_FAST_MATH = YES;
				SDKROOT = iphoneos;
				SWIFT_COMPILATION_MODE = wholemodule;
				VALIDATE_PRODUCT = YES;
			};
			name = Release;
		};
		34C00E022EFF1B4500DBBFCE /* Debug */ = {
			isa = XCBuildConfiguration;
			buildSettings = {
				BUNDLE_LOADER = "$(TEST_HOST)";
				CODE_SIGN_STYLE = Automatic;
				CURRENT_PROJECT_VERSION = 1;
				DEVELOPMENT_TEAM = J33VQVC494;
				GENERATE_INFOPLIST_FILE = YES;
				IPHONEOS_DEPLOYMENT_TARGET = 26.2;
				MARKETING_VERSION = 1.0;
				PRODUCT_BUNDLE_IDENTIFIER = "net.firepear.Tracker-IITests";
				PRODUCT_NAME = "$(TARGET_NAME)";
				STRING_CATALOG_GENERATE_SYMBOLS = NO;
				SWIFT_APPROACHABLE_CONCURRENCY = YES;
				SWIFT_EMIT_LOC_STRINGS = NO;
				SWIFT_UPCOMING_FEATURE_MEMBER_IMPORT_VISIBILITY = YES;
				SWIFT_VERSION = 5.0;
				TARGETED_DEVICE_FAMILY = "1,2";
				TEST_HOST = "$(BUILT_PRODUCTS_DIR)/Tracker II.app/$(BUNDLE_EXECUTABLE_FOLDER_PATH)/Tracker II";
			};
			name = Debug;
		};
		34C00E032EFF1B4500DBBFCE /* Release */ = {
			isa = XCBuildConfiguration;
			buildSettings = {
				BUNDLE_LOADER = "$(TEST_HOST)";
				CODE_SIGN_STYLE = Automatic;
				CURRENT_PROJECT_VERSION = 1;
				DEVELOPMENT_TEAM = J33VQVC494;
				GENERATE_INFOPLIST_FILE = YES;
				IPHONEOS_DEPLOYMENT_TARGET = 26.2;
				MARKETING_VERSION = 1.0;
				PRODUCT_BUNDLE_IDENTIFIER = "net.firepear.Tracker-IITests";
				PRODUCT_NAME = "$(TARGET_NAME)";
				STRING_CATALOG_GENERATE_SYMBOLS = NO;
				SWIFT_APPROACHABLE_CONCURRENCY = YES;
				SWIFT_EMIT_LOC_STRINGS = NO;
				SWIFT_UPCOMING_FEATURE_MEMBER_IMPORT_VISIBILITY = YES;
				SWIFT_VERSION = 5.0;
				TARGETED_DEVICE_FAMILY = "1,2";
				TEST_HOST = "$(BUILT_PRODUCTS_DIR)/Tracker II.app/$(BUNDLE_EXECUTABLE_FOLDER_PATH)/Tracker II";
			};
			name = Release;
		};
		34C00E052EFF1B4500DBBFCE /* Debug */ = {
			isa = XCBuildConfiguration;
			buildSettings = {
				CODE_SIGN_STYLE = Automatic;
				CURRENT_PROJECT_VERSION = 1;
				DEVELOPMENT_TEAM = J33VQVC494;
				GENERATE_INFOPLIST_FILE = YES;
				MARKETING_VERSION = 1.0;
				PRODUCT_BUNDLE_IDENTIFIER = "net.firepear.Tracker-IIUITests";
				PRODUCT_NAME = "$(TARGET_NAME)";
				STRING_CATALOG_GENERATE_SYMBOLS = NO;
				SWIFT_APPROACHABLE_CONCURRENCY = YES;
				SWIFT_EMIT_LOC_STRINGS = NO;
				SWIFT_UPCOMING_FEATURE_MEMBER_IMPORT_VISIBILITY = YES;
				SWIFT_VERSION = 5.0;
				TARGETED_DEVICE_FAMILY = "1,2";
				TEST_TARGET_NAME = "Tracker II";
			};
			name = Debug;
		};
		34C00E062EFF1B4500DBBFCE /* Release */ = {
			isa = XCBuildConfiguration;
			buildSettings = {
				CODE_SIGN_STYLE = Automatic;
				CURRENT_PROJECT_VERSION = 1;
				DEVELOPMENT_TEAM = J33VQVC494;
				GENERATE_INFOPLIST_FILE = YES;
				MARKETING_VERSION = 1.0;
				PRODUCT_BUNDLE_IDENTIFIER = "net.firepear.Tracker-IIUITests";
				PRODUCT_NAME = "$(TARGET_NAME)";
				STRING_CATALOG_GENERATE_SYMBOLS = NO;
				SWIFT_APPROACHABLE_CONCURRENCY = YES;
				SWIFT_EMIT_LOC_STRINGS = NO;
				SWIFT_UPCOMING_FEATURE_MEMBER_IMPORT_VISIBILITY = YES;
				SWIFT_VERSION = 5.0;
				TARGETED_DEVICE_FAMILY = "1,2";
				TEST_TARGET_NAME = "Tracker II";
			};
			name = Release;
		};
/* End XCBuildConfiguration section */

/* Begin XCConfigurationList section */
		34C00DD32EFF1B4400DBBFCE /* Build configuration list for PBXProject "Tracker II" */ = {
			isa = XCConfigurationList;
			buildConfigurations = (
				34C00DFF2EFF1B4500DBBFCE /* Debug */,
				34C00E002EFF1B4500DBBFCE /* Release */,
			);
			defaultConfigurationIsVisible = 0;
			defaultConfigurationName = Release;
		};
		34C00DFC2EFF1B4500DBBFCE /* Build configuration list for PBXNativeTarget "Tracker II" */ = {
			isa = XCConfigurationList;
			buildConfigurations = (
				34C00DFD2EFF1B4500DBBFCE /* Debug */,
				34C00DFE2EFF1B4500DBBFCE /* Release */,
			);
			defaultConfigurationIsVisible = 0;
			defaultConfigurationName = Release;
		};
		34C00E012EFF1B4500DBBFCE /* Build configuration list for PBXNativeTarget "Tracker IITests" */ = {
			isa = XCConfigurationList;
			buildConfigurations = (
				34C00E022EFF1B4500DBBFCE /* Debug */,
				34C00E032EFF1B4500DBBFCE /* Release */,
			);
			defaultConfigurationIsVisible = 0;
			defaultConfigurationName = Release;
		};
		34C00E042EFF1B4500DBBFCE /* Build configuration list for PBXNativeTarget "Tracker IIUITests" */ = {
			isa = XCConfigurationList;
			buildConfigurations = (
				34C00E052EFF1B4500DBBFCE /* Debug */,
				34C00E062EFF1B4500DBBFCE /* Release */,
			);
			defaultConfigurationIsVisible = 0;
			defaultConfigurationName = Release;
		};
/* End XCConfigurationList section */
	};
	rootObject = 34C00DD02EFF1B4400DBBFCE /* Project object */;
}
